
Microsoft Visual Studio Solution File, Format Version 12.00
# Visual Studio 15
Project("{FAE04EC0-301F-11D3-BF4B-00C04F79EFBC}") = "Assembly-CSharp", "Assembly-CSharp.csproj", "{0B75CDCF-C488-CA6B-DDB3-1957ECE0FDFA}"
EndProject
Project("{FAE04EC0-301F-11D3-BF4B-00C04F79EFBC}") = "Assembly-CSharp-firstpass", "Assembly-CSharp-firstpass.csproj", "{9175220C-11AE-AA2B-105D-D2778C8A66D0}"
EndProject
Global
	GlobalSection(SolutionConfigurationPlatforms) = preSolution
		Debug|Any CPU = Debug|Any CPU
		Release|Any CPU = Release|Any CPU
	EndGlobalSection
	GlobalSection(ProjectConfigurationPlatforms) = postSolution
		{0B75CDCF-C488-CA6B-DDB3-1957ECE0FDFA}.Debug|Any CPU.ActiveCfg = Debug|Any CPU
		{0B75CDCF-C488-CA6B-DDB3-1957ECE0FDFA}.Debug|Any CPU.Build.0 = Debug|Any CPU
		{0B75CDCF-C488-CA6B-DDB3-1957ECE0FDFA}.Release|Any CPU.ActiveCfg = Release|Any CPU
		{0B75CDCF-C488-CA6B-DDB3-1957ECE0FDFA}.Release|Any CPU.Build.0 = Release|Any CPU
		{9175220C-11AE-AA2B-105D-D2778C8A66D0}.Debug|Any CPU.ActiveCfg = Debug|Any CPU
		{9175220C-11AE-AA2B-105D-D2778C8A66D0}.Debug|Any CPU.Build.0 = Debug|Any CPU
		{9175220C-11AE-AA2B-105D-D2778C8A66D0}.Release|Any CPU.ActiveCfg = Release|Any CPU
		{9175220C-11AE-AA2B-105D-D2778C8A66D0}.Release|Any CPU.Build.0 = Release|Any CPU
	EndGlobalSection
	GlobalSection(SolutionProperties) = preSolution
		HideSolutionNode = FALSE
	EndGlobalSection
EndGlobal
